
Microsoft Visual Studio Solution File, Format Version 12.00
# Visual Studio 15
VisualStudioVersion = 15.0.27130.2027
MinimumVisualStudioVersion = 10.0.40219.1
Project("{FAE04EC0-301F-11D3-BF4B-00C04F79EFBC}") = "InsuranceServices", "InsuranceServices\InsuranceServices.csproj", "{2F45C001-223E-4853-95BA-9110F942AEF6}"
EndProject
Global
	GlobalSection(SolutionConfigurationPlatforms) = preSolution
		Debug|Any CPU = Debug|Any CPU
		Release|Any CPU = Release|Any CPU
	EndGlobalSection
	GlobalSection(ProjectConfigurationPlatforms) = postSolution
		{2F45C001-223E-4853-95BA-9110F942AEF6}.Debug|Any CPU.ActiveCfg = Debug|Any CPU
		{2F45C001-223E-4853-95BA-9110F942AEF6}.Debug|Any CPU.Build.0 = Debug|Any CPU
		{2F45C001-223E-4853-95BA-9110F942AEF6}.Release|Any CPU.ActiveCfg = Release|Any CPU
		{2F45C001-223E-4853-95BA-9110F942AEF6}.Release|Any CPU.Build.0 = Release|Any CPU
	EndGlobalSection
	GlobalSection(SolutionProperties) = preSolution
		HideSolutionNode = FALSE
	EndGlobalSection
	GlobalSection(ExtensibilityGlobals) = postSolution
		SolutionGuid = {2188B415-7854-4D97-8E36-1BF4E77795E5}
	EndGlobalSection
EndGlobal
